
Microsoft Visual Studio Solution File, Format Version 12.00
# Visual Studio Version 16
VisualStudioVersion = 16.0.31729.503
MinimumVisualStudioVersion = 10.0.40219.1
Project("{9A19103F-16F7-4668-BE54-9A1E7A4F7556}") = "TankServer", "TankServer\TankServer.csproj", "{F29E95D8-EB24-4808-8483-666671F6EF1A}"
EndProject
Project("{9A19103F-16F7-4668-BE54-9A1E7A4F7556}") = "Client", "Client\Client.csproj", "{348227E9-62F9-4BF8-A614-F52466E7F56F}"
EndProject
Project("{FAE04EC0-301F-11D3-BF4B-00C04F79EFBC}") = "TankDLL", "Tank\TankDLL.csproj", "{77D7D930-0213-440A-97AA-ACDFB83C74A0}"
EndProject
Project("{FAE04EC0-301F-11D3-BF4B-00C04F79EFBC}") = "MapDLL", "MapDLL\MapDLL.csproj", "{5E6D4B37-844E-4963-B899-54B1B120E41D}"
EndProject
Global
	GlobalSection(SolutionConfigurationPlatforms) = preSolution
		Debug|Any CPU = Debug|Any CPU
		Release|Any CPU = Release|Any CPU
	EndGlobalSection
	GlobalSection(ProjectConfigurationPlatforms) = postSolution
		{F29E95D8-EB24-4808-8483-666671F6EF1A}.Debug|Any CPU.ActiveCfg = Debug|Any CPU
		{F29E95D8-EB24-4808-8483-666671F6EF1A}.Debug|Any CPU.Build.0 = Debug|Any CPU
		{F29E95D8-EB24-4808-8483-666671F6EF1A}.Release|Any CPU.ActiveCfg = Release|Any CPU
		{F29E95D8-EB24-4808-8483-666671F6EF1A}.Release|Any CPU.Build.0 = Release|Any CPU
		{348227E9-62F9-4BF8-A614-F52466E7F56F}.Debug|Any CPU.ActiveCfg = Debug|Any CPU
		{348227E9-62F9-4BF8-A614-F52466E7F56F}.Debug|Any CPU.Build.0 = Debug|Any CPU
		{348227E9-62F9-4BF8-A614-F52466E7F56F}.Release|Any CPU.ActiveCfg = Release|Any CPU
		{348227E9-62F9-4BF8-A614-F52466E7F56F}.Release|Any CPU.Build.0 = Release|Any CPU
		{77D7D930-0213-440A-97AA-ACDFB83C74A0}.Debug|Any CPU.ActiveCfg = Debug|Any CPU
		{77D7D930-0213-440A-97AA-ACDFB83C74A0}.Debug|Any CPU.Build.0 = Debug|Any CPU
		{77D7D930-0213-440A-97AA-ACDFB83C74A0}.Release|Any CPU.ActiveCfg = Release|Any CPU
		{77D7D930-0213-440A-97AA-ACDFB83C74A0}.Release|Any CPU.Build.0 = Release|Any CPU
		{5E6D4B37-844E-4963-B899-54B1B120E41D}.Debug|Any CPU.ActiveCfg = Debug|Any CPU
		{5E6D4B37-844E-4963-B899-54B1B120E41D}.Debug|Any CPU.Build.0 = Debug|Any CPU
		{5E6D4B37-844E-4963-B899-54B1B120E41D}.Release|Any CPU.ActiveCfg = Release|Any CPU
		{5E6D4B37-844E-4963-B899-54B1B120E41D}.Release|Any CPU.Build.0 = Release|Any CPU
	EndGlobalSection
	GlobalSection(SolutionProperties) = preSolution
		HideSolutionNode = FALSE
	EndGlobalSection
	GlobalSection(ExtensibilityGlobals) = postSolution
		SolutionGuid = {D8BE8083-5CF5-4A52-93A1-00FE918D9EAC}
	EndGlobalSection
EndGlobal
